
Microsoft Visual Studio Solution File, Format Version 12.00
# Visual Studio Version 17
VisualStudioVersion = 17.1.32407.343
MinimumVisualStudioVersion = 10.0.40219.1
Project("{FAE04EC0-301F-11D3-BF4B-00C04F79EFBC}") = "MuhasebeProgramı", "MuhasebeProgramı\MuhasebeProgramı.csproj", "{3E937574-0745-407B-9BDD-9CACCA872757}"
EndProject
Global
	GlobalSection(SolutionConfigurationPlatforms) = preSolution
		Debug|Any CPU = Debug|Any CPU
		Release|Any CPU = Release|Any CPU
	EndGlobalSection
	GlobalSection(ProjectConfigurationPlatforms) = postSolution
		{3E937574-0745-407B-9BDD-9CACCA872757}.Debug|Any CPU.ActiveCfg = Debug|Any CPU
		{3E937574-0745-407B-9BDD-9CACCA872757}.Debug|Any CPU.Build.0 = Debug|Any CPU
		{3E937574-0745-407B-9BDD-9CACCA872757}.Release|Any CPU.ActiveCfg = Release|Any CPU
		{3E937574-0745-407B-9BDD-9CACCA872757}.Release|Any CPU.Build.0 = Release|Any CPU
	EndGlobalSection
	GlobalSection(SolutionProperties) = preSolution
		HideSolutionNode = FALSE
	EndGlobalSection
	GlobalSection(ExtensibilityGlobals) = postSolution
		SolutionGuid = {37B2E3D5-DF49-42D2-9561-A0C2F8585076}
	EndGlobalSection
EndGlobal
